// !$*UTF8*$!
{
	archiveVersion = 1;
	classes = {
	};
	objectVersion = 56;
	objects = {

/* Begin PBXBuildFile section */
		D24EA1392996A92A007DD783 /* AppDelegate.swift in Sources */ = {isa = PBXBuildFile; fileRef = D24EA1382996A92A007DD783 /* AppDelegate.swift */; };
		D24EA13B2996A92A007DD783 /* SceneDelegate.swift in Sources */ = {isa = PBXBuildFile; fileRef = D24EA13A2996A92A007DD783 /* SceneDelegate.swift */; };
		D24EA13D2996A92A007DD783 /* ViewController.swift in Sources */ = {isa = PBXBuildFile; fileRef = D24EA13C2996A92A007DD783 /* ViewController.swift */; };
		D24EA1402996A92A007DD783 /* Main.storyboard in Resources */ = {isa = PBXBuildFile; fileRef = D24EA13E2996A92A007DD783 /* Main.storyboard */; };
		D24EA1422996A92E007DD783 /* Assets.xcassets in Resources */ = {isa = PBXBuildFile; fileRef = D24EA1412996A92E007DD783 /* Assets.xcassets */; };
		D24EA1452996A92E007DD783 /* LaunchScreen.storyboard in Resources */ = {isa = PBXBuildFile; fileRef = D24EA1432996A92E007DD783 /* LaunchScreen.storyboard */; };
		D24EA14D2996A942007DD783 /* NetworkManager.swift in Sources */ = {isa = PBXBuildFile; fileRef = D24EA14C2996A942007DD783 /* NetworkManager.swift */; };
		D24EA14F2996A94F007DD783 /* PhotoModel.swift in Sources */ = {isa = PBXBuildFile; fileRef = D24EA14E2996A94F007DD783 /* PhotoModel.swift */; };
		D24EA1512996A95A007DD783 /* PhotoModelView.swift in Sources */ = {isa = PBXBuildFile; fileRef = D24EA1502996A95A007DD783 /* PhotoModelView.swift */; };
/* End PBXBuildFile section */

/* Begin PBXFileReference section */
		D24EA1352996A92A007DD783 /* JSONPhotos.app */ = {isa = PBXFileReference; explicitFileType = wrapper.application; includeInIndex = 0; path = JSONPhotos.app; sourceTree = BUILT_PRODUCTS_DIR; };
		D24EA1382996A92A007DD783 /* AppDelegate.swift */ = {isa = PBXFileReference; lastKnownFileType = sourcecode.swift; path = AppDelegate.swift; sourceTree = "<group>"; };
		D24EA13A2996A92A007DD783 /* SceneDelegate.swift */ = {isa = PBXFileReference; lastKnownFileType = sourcecode.swift; path = SceneDelegate.swift; sourceTree = "<group>"; };
		D24EA13C2996A92A007DD783 /* ViewController.swift */ = {isa = PBXFileReference; lastKnownFileType = sourcecode.swift; path = ViewController.swift; sourceTree = "<group>"; };
		D24EA13F2996A92A007DD783 /* Base */ = {isa = PBXFileReference; lastKnownFileType = file.storyboard; name = Base; path = Base.lproj/Main.storyboard; sourceTree = "<group>"; };
		D24EA1412996A92E007DD783 /* Assets.xcassets */ = {isa = PBXFileReference; lastKnownFileType = folder.assetcatalog; path = Assets.xcassets; sourceTree = "<group>"; };
		D24EA1442996A92E007DD783 /* Base */ = {isa = PBXFileReference; lastKnownFileType = file.storyboard; name = Base; path = Base.lproj/LaunchScreen.storyboard; sourceTree = "<group>"; };
		D24EA1462996A92E007DD783 /* Info.plist */ = {isa = PBXFileReference; lastKnownFileType = text.plist.xml; path = Info.plist; sourceTree = "<group>"; };
		D24EA14C2996A942007DD783 /* NetworkManager.swift */ = {isa = PBXFileReference; lastKnownFileType = sourcecode.swift; path = NetworkManager.swift; sourceTree = "<group>"; };
		D24EA14E2996A94F007DD783 /* PhotoModel.swift */ = {isa = PBXFileReference; lastKnownFileType = sourcecode.swift; path = PhotoModel.swift; sourceTree = "<group>"; };
		D24EA1502996A95A007DD783 /* PhotoModelView.swift */ = {isa = PBXFileReference; lastKnownFileType = sourcecode.swift; path = PhotoModelView.swift; sourceTree = "<group>"; };
/* End PBXFileReference section */

/* Begin PBXFrameworksBuildPhase section */
		D24EA1322996A92A007DD783 /* Frameworks */ = {
			isa = PBXFrameworksBuildPhase;
			buildActionMask = 2147483647;
			files = (
			);
			runOnlyForDeploymentPostprocessing = 0;
		};
/* End PBXFrameworksBuildPhase section */

/* Begin PBXGroup section */
		D24EA12C2996A92A007DD783 = {
			isa = PBXGroup;
			children = (
				D24EA1372996A92A007DD783 /* JSONPhotos */,
				D24EA1362996A92A007DD783 /* Products */,
			);
			sourceTree = "<group>";
		};
		D24EA1362996A92A007DD783 /* Products */ = {
			isa = PBXGroup;
			children = (
				D24EA1352996A92A007DD783 /* JSONPhotos.app */,
			);
			name = Products;
			sourceTree = "<group>";
		};
		D24EA1372996A92A007DD783 /* JSONPhotos */ = {
			isa = PBXGroup;
			children = (
				D24EA1382996A92A007DD783 /* AppDelegate.swift */,
				D24EA13A2996A92A007DD783 /* SceneDelegate.swift */,
				D24EA14C2996A942007DD783 /* NetworkManager.swift */,
				D24EA14E2996A94F007DD783 /* PhotoModel.swift */,
				D24EA1502996A95A007DD783 /* PhotoModelView.swift */,
				D24EA13C2996A92A007DD783 /* ViewController.swift */,
				D24EA13E2996A92A007DD783 /* Main.storyboard */,
				D24EA1412996A92E007DD783 /* Assets.xcassets */,
				D24EA1432996A92E007DD783 /* LaunchScreen.storyboard */,
				D24EA1462996A92E007DD783 /* Info.plist */,
			);
			path = JSONPhotos;
			sourceTree = "<group>";
		};
/* End PBXGroup section */

/* Begin PBXNativeTarget section */
		D24EA1342996A92A007DD783 /* JSONPhotos */ = {
			isa = PBXNativeTarget;
			buildConfigurationList = D24EA1492996A92E007DD783 /* Build configuration list for PBXNativeTarget "JSONPhotos" */;
			buildPhases = (
				D24EA1312996A92A007DD783 /* Sources */,
				D24EA1322996A92A007DD783 /* Frameworks */,
				D24EA1332996A92A007DD783 /* Resources */,
			);
			buildRules = (
			);
			dependencies = (
			);
			name = JSONPhotos;
			productName = JSONPhotos;
			productReference = D24EA1352996A92A007DD783 /* JSONPhotos.app */;
			productType = "com.apple.product-type.application";
		};
/* End PBXNativeTarget section */

/* Begin PBXProject section */
		D24EA12D2996A92A007DD783 /* Project object */ = {
			isa = PBXProject;
			attributes = {
				BuildIndependentTargetsInParallel = 1;
				LastSwiftUpdateCheck = 1410;
				LastUpgradeCheck = 1410;
				TargetAttributes = {
					D24EA1342996A92A007DD783 = {
						CreatedOnToolsVersion = 14.1;
					};
				};
			};
			buildConfigurationList = D24EA1302996A92A007DD783 /* Build configuration list for PBXProject "JSONPhotos" */;
			compatibilityVersion = "Xcode 14.0";
			developmentRegion = en;
			hasScannedForEncodings = 0;
			knownRegions = (
				en,
				Base,
			);
			mainGroup = D24EA12C2996A92A007DD783;
			productRefGroup = D24EA1362996A92A007DD783 /* Products */;
			projectDirPath = "";
			projectRoot = "";
			targets = (
				D24EA1342996A92A007DD783 /* JSONPhotos */,
			);
		};
/* End PBXProject section */

/* Begin PBXResourcesBuildPhase section */
		D24EA1332996A92A007DD783 /* Resources */ = {
			isa = PBXResourcesBuildPhase;
			buildActionMask = 2147483647;
			files = (
				D24EA1452996A92E007DD783 /* LaunchScreen.storyboard in Resources */,
				D24EA1422996A92E007DD783 /* Assets.xcassets in Resources */,
				D24EA1402996A92A007DD783 /* Main.storyboard in Resources */,
			);
			runOnlyForDeploymentPostprocessing = 0;
		};
/* End PBXResourcesBuildPhase section */

/* Begin PBXSourcesBuildPhase section */
		D24EA1312996A92A007DD783 /* Sources */ = {
			isa = PBXSourcesBuildPhase;
			buildActionMask = 2147483647;
			files = (
				D24EA14D2996A942007DD783 /* NetworkManager.swift in Sources */,
				D24EA13D2996A92A007DD783 /* ViewController.swift in Sources */,
				D24EA1392996A92A007DD783 /* AppDelegate.swift in Sources */,
				D24EA14F2996A94F007DD783 /* PhotoModel.swift in Sources */,
				D24EA13B2996A92A007DD783 /* SceneDelegate.swift in Sources */,
				D24EA1512996A95A007DD783 /* PhotoModelView.swift in Sources */,
			);
			runOnlyForDeploymentPostprocessing = 0;
		};
/* End PBXSourcesBuildPhase section */

/* Begin PBXVariantGroup section */
		D24EA13E2996A92A007DD783 /* Main.storyboard */ = {
			isa = PBXVariantGroup;
			children = (
				D24EA13F2996A92A007DD783 /* Base */,
			);
			name = Main.storyboard;
			sourceTree = "<group>";
		};
		D24EA1432996A92E007DD783 /* LaunchScreen.storyboard */ = {
			isa = PBXVariantGroup;
			children = (
				D24EA1442996A92E007DD783 /* Base */,
			);
			name = LaunchScreen.storyboard;
			sourceTree = "<group>";
		};
/* End PBXVariantGroup section */

/* Begin XCBuildConfiguration section */
		D24EA1472996A92E007DD783 /* Debug */ = {
			isa = XCBuildConfiguration;
			buildSettings = {
				ALWAYS_SEARCH_USER_PATHS = NO;
				CLANG_ANALYZER_NONNULL = YES;
				CLANG_ANALYZER_NUMBER_OBJECT_CONVERSION = YES_AGGRESSIVE;
				CLANG_CXX_LANGUAGE_STANDARD = "gnu++20";
				CLANG_ENABLE_MODULES = YES;
				CLANG_ENABLE_OBJC_ARC = YES;
				CLANG_ENABLE_OBJC_WEAK = YES;
				CLANG_WARN_BLOCK_CAPTURE_AUTORELEASING = YES;
				CLANG_WARN_BOOL_CONVERSION = YES;
				CLANG_WARN_COMMA = YES;
				CLANG_WARN_CONSTANT_CONVERSION = YES;
				CLANG_WARN_DEPRECATED_OBJC_IMPLEMENTATIONS = YES;
				CLANG_WARN_DIRECT_OBJC_ISA_USAGE = YES_ERROR;
				CLANG_WARN_DOCUMENTATION_COMMENTS = YES;
				CLANG_WARN_EMPTY_BODY = YES;
				CLANG_WARN_ENUM_CONVERSION = YES;
				CLANG_WARN_INFINITE_RECURSION = YES;
				CLANG_WARN_INT_CONVERSION = YES;
				CLANG_WARN_NON_LITERAL_NULL_CONVERSION = YES;
				CLANG_WARN_OBJC_IMPLICIT_RETAIN_SELF = YES;
				CLANG_WARN_OBJC_LITERAL_CONVERSION = YES;
				CLANG_WARN_OBJC_ROOT_CLASS = YES_ERROR;
				CLANG_WARN_QUOTED_INCLUDE_IN_FRAMEWORK_HEADER = YES;
				CLANG_WARN_RANGE_LOOP_ANALYSIS = YES;
				CLANG_WARN_STRICT_PROTOTYPES = YES;
				CLANG_WARN_SUSPICIOUS_MOVE = YES;
				CLANG_WARN_UNGUARDED_AVAILABILITY = YES_AGGRESSIVE;
				CLANG_WARN_UNREACHABLE_CODE = YES;
				CLANG_WARN__DUPLICATE_METHOD_MATCH = YES;
				COPY_PHASE_STRIP = NO;
				DEBUG_INFORMATION_FORMAT = dwarf;
				ENABLE_STRICT_OBJC_MSGSEND = YES;
				ENABLE_TESTABILITY = YES;
				GCC_C_LANGUAGE_STANDARD = gnu11;
				GCC_DYNAMIC_NO_PIC = NO;
				GCC_NO_COMMON_BLOCKS = YES;
				GCC_OPTIMIZATION_LEVEL = 0;
				GCC_PREPROCESSOR_DEFINITIONS = (
					"DEBUG=1",
					"$(inherited)",
				);
				GCC_WARN_64_TO_32_BIT_CONVERSION = YES;
				GCC_WARN_ABOUT_RETURN_TYPE = YES_ERROR;
				GCC_WARN_UNDECLARED_SELECTOR = YES;
				GCC_WARN_UNINITIALIZED_AUTOS = YES_AGGRESSIVE;
				GCC_WARN_UNUSED_FUNCTION = YES;
				GCC_WARN_UNUSED_VARIABLE = YES;
				IPHONEOS_DEPLOYMENT_TARGET = 16.1;
				MTL_ENABLE_DEBUG_INFO = INCLUDE_SOURCE;
				MTL_FAST_MATH = YES;
				ONLY_ACTIVE_ARCH = YES;
				SDKROOT = iphoneos;
				SWIFT_ACTIVE_COMPILATION_CONDITIONS = DEBUG;
				SWIFT_OPTIMIZATION_LEVEL = "-Onone";
			};
			name = Debug;
		};
		D24EA1482996A92E007DD783 /* Release */ = {
			isa = XCBuildConfiguration;
			buildSettings = {
				ALWAYS_SEARCH_USER_PATHS = NO;
				CLANG_ANALYZER_NONNULL = YES;
				CLANG_ANALYZER_NUMBER_OBJECT_CONVERSION = YES_AGGRESSIVE;
				CLANG_CXX_LANGUAGE_STANDARD = "gnu++20";
				CLANG_ENABLE_MODULES = YES;
				CLANG_ENABLE_OBJC_ARC = YES;
				CLANG_ENABLE_OBJC_WEAK = YES;
				CLANG_WARN_BLOCK_CAPTURE_AUTORELEASING = YES;
				CLANG_WARN_BOOL_CONVERSION = YES;
				CLANG_WARN_COMMA = YES;
				CLANG_WARN_CONSTANT_CONVERSION = YES;
				CLANG_WARN_DEPRECATED_OBJC_IMPLEMENTATIONS = YES;
				CLANG_WARN_DIRECT_OBJC_ISA_USAGE = YES_ERROR;
				CLANG_WARN_DOCUMENTATION_COMMENTS = YES;
				CLANG_WARN_EMPTY_BODY = YES;
				CLANG_WARN_ENUM_CONVERSION = YES;
				CLANG_WARN_INFINITE_RECURSION = YES;
				CLANG_WARN_INT_CONVERSION = YES;
				CLANG_WARN_NON_LITERAL_NULL_CONVERSION = YES;
				CLANG_WARN_OBJC_IMPLICIT_RETAIN_SELF = YES;
				CLANG_WARN_OBJC_LITERAL_CONVERSION = YES;
				CLANG_WARN_OBJC_ROOT_CLASS = YES_ERROR;
				CLANG_WARN_QUOTED_INCLUDE_IN_FRAMEWORK_HEADER = YES;
				CLANG_WARN_RANGE_LOOP_ANALYSIS = YES;
				CLANG_WARN_STRICT_PROTOTYPES = YES;
				CLANG_WARN_SUSPICIOUS_MOVE = YES;
				CLANG_WARN_UNGUARDED_AVAILABILITY = YES_AGGRESSIVE;
				CLANG_WARN_UNREACHABLE_CODE = YES;
				CLANG_WARN__DUPLICATE_METHOD_MATCH = YES;
				COPY_PHASE_STRIP = NO;
				DEBUG_INFORMATION_FORMAT = "dwarf-with-dsym";
				ENABLE_NS_ASSERTIONS = NO;
				ENABLE_STRICT_OBJC_MSGSEND = YES;
				GCC_C_LANGUAGE_STANDARD = gnu11;
				GCC_NO_COMMON_BLOCKS = YES;
				GCC_WARN_64_TO_32_BIT_CONVERSION = YES;
				GCC_WARN_ABOUT_RETURN_TYPE = YES_ERROR;
				GCC_WARN_UNDECLARED_SELECTOR = YES;
				GCC_WARN_UNINITIALIZED_AUTOS = YES_AGGRESSIVE;
				GCC_WARN_UNUSED_FUNCTION = YES;
				GCC_WARN_UNUSED_VARIABLE = YES;
				IPHONEOS_DEPLOYMENT_TARGET = 16.1;
				MTL_ENABLE_DEBUG_INFO = NO;
				MTL_FAST_MATH = YES;
				SDKROOT = iphoneos;
				SWIFT_COMPILATION_MODE = wholemodule;
				SWIFT_OPTIMIZATION_LEVEL = "-O";
				VALIDATE_PRODUCT = YES;
			};
			name = Release;
		};
		D24EA14A2996A92E007DD783 /* Debug */ = {
			isa = XCBuildConfiguration;
			buildSettings = {
				ASSETCATALOG_COMPILER_APPICON_NAME = AppIcon;
				ASSETCATALOG_COMPILER_GLOBAL_ACCENT_COLOR_NAME = AccentColor;
				CODE_SIGN_STYLE = Automatic;
				CURRENT_PROJECT_VERSION = 1;
				GENERATE_INFOPLIST_FILE = YES;
				INFOPLIST_FILE = JSONPhotos/Info.plist;
				INFOPLIST_KEY_UIApplicationSupportsIndirectInputEvents = YES;
				INFOPLIST_KEY_UILaunchStoryboardName = LaunchScreen;
				INFOPLIST_KEY_UIMainStoryboardFile = Main;
				INFOPLIST_KEY_UISupportedInterfaceOrientations_iPad = "UIInterfaceOrientationPortrait UIInterfaceOrientationPortraitUpsideDown UIInterfaceOrientationLandscapeLeft UIInterfaceOrientationLandscapeRight";
				INFOPLIST_KEY_UISupportedInterfaceOrientations_iPhone = "UIInterfaceOrientationPortrait UIInterfaceOrientationLandscapeLeft UIInterfaceOrientationLandscapeRight";
				LD_RUNPATH_SEARCH_PATHS = (
					"$(inherited)",
					"@executable_path/Frameworks",
				);
				MARKETING_VERSION = 1.0;
				PRODUCT_BUNDLE_IDENTIFIER = com.yjk.JSONPhotos;
				PRODUCT_NAME = "$(TARGET_NAME)";
				SWIFT_EMIT_LOC_STRINGS = YES;
				SWIFT_VERSION = 5.0;
				TARGETED_DEVICE_FAMILY = "1,2";
			};
			name = Debug;
		};
		D24EA14B2996A92E007DD783 /* Release */ = {
			isa = XCBuildConfiguration;
			buildSettings = {
				ASSETCATALOG_COMPILER_APPICON_NAME = AppIcon;
				ASSETCATALOG_COMPILER_GLOBAL_ACCENT_COLOR_NAME = AccentColor;
				CODE_SIGN_STYLE = Automatic;
				CURRENT_PROJECT_VERSION = 1;
				GENERATE_INFOPLIST_FILE = YES;
				INFOPLIST_FILE = JSONPhotos/Info.plist;
				INFOPLIST_KEY_UIApplicationSupportsIndirectInputEvents = YES;
				INFOPLIST_KEY_UILaunchStoryboardName = LaunchScreen;
				INFOPLIST_KEY_UIMainStoryboardFile = Main;
				INFOPLIST_KEY_UISupportedInterfaceOrientations_iPad = "UIInterfaceOrientationPortrait UIInterfaceOrientationPortraitUpsideDown UIInterfaceOrientationLandscapeLeft UIInterfaceOrientationLandscapeRight";
				INFOPLIST_KEY_UISupportedInterfaceOrientations_iPhone = "UIInterfaceOrientationPortrait UIInterfaceOrientationLandscapeLeft UIInterfaceOrientationLandscapeRight";
				LD_RUNPATH_SEARCH_PATHS = (
					"$(inherited)",
					"@executable_path/Frameworks",
				);
				MARKETING_VERSION = 1.0;
				PRODUCT_BUNDLE_IDENTIFIER = com.yjk.JSONPhotos;
				PRODUCT_NAME = "$(TARGET_NAME)";
				SWIFT_EMIT_LOC_STRINGS = YES;
				SWIFT_VERSION = 5.0;
				TARGETED_DEVICE_FAMILY = "1,2";
			};
			name = Release;
		};
/* End XCBuildConfiguration section */

/* Begin XCConfigurationList section */
		D24EA1302996A92A007DD783 /* Build configuration list for PBXProject "JSONPhotos" */ = {
			isa = XCConfigurationList;
			buildConfigurations = (
				D24EA1472996A92E007DD783 /* Debug */,
				D24EA1482996A92E007DD783 /* Release */,
			);
			defaultConfigurationIsVisible = 0;
			defaultConfigurationName = Release;
		};
		D24EA1492996A92E007DD783 /* Build configuration list for PBXNativeTarget "JSONPhotos" */ = {
			isa = XCConfigurationList;
			buildConfigurations = (
				D24EA14A2996A92E007DD783 /* Debug */,
				D24EA14B2996A92E007DD783 /* Release */,
			);
			defaultConfigurationIsVisible = 0;
			defaultConfigurationName = Release;
		};
/* End XCConfigurationList section */
	};
	rootObject = D24EA12D2996A92A007DD783 /* Project object */;
}
